name: "Lock threads"

on:
  schedule:
    - cron: "37 2 * * *"

jobs:
  lock:
    runs-on: ubuntu-latest
    steps:
      - uses: dessant/lock-threads@v5
        with:
          github-token: ${{ github.token }}
          issue-inactive-days: "365"
          issue-lock-reason: ""
          issue-comment: >
            This old thread has been automatically locked. If you think you have
            found something related to this, please open a new issue and link to this
            old issue if necessary.
